// !$*UTF8*$!
{
	archiveVersion = 1;
	classes = {
	};
	objectVersion = 46;
	objects = {

/* Begin PBXBuildFile section */
		8ADE6E1A1C32C7C8001669FF /* main.m in Sources */ = {isa = PBXBuildFile; fileRef = 8ADE6E191C32C7C8001669FF /* main.m */; };
		8ADE6E1D1C32C7C8001669FF /* AppDelegate.m in Sources */ = {isa = PBXBuildFile; fileRef = 8ADE6E1C1C32C7C8001669FF /* AppDelegate.m */; };
		8ADE6E201C32C7C8001669FF /* GameScene.m in Sources */ = {isa = PBXBuildFile; fileRef = 8ADE6E1F1C32C7C8001669FF /* GameScene.m */; };
		8ADE6E221C32C7C8001669FF /* GameScene.sks in Resources */ = {isa = PBXBuildFile; fileRef = 8ADE6E211C32C7C8001669FF /* GameScene.sks */; };
		8ADE6E251C32C7C9001669FF /* GameViewController.m in Sources */ = {isa = PBXBuildFile; fileRef = 8ADE6E241C32C7C9001669FF /* GameViewController.m */; };
		8ADE6E281C32C7C9001669FF /* Main.storyboard in Resources */ = {isa = PBXBuildFile; fileRef = 8ADE6E261C32C7C9001669FF /* Main.storyboard */; };
		8ADE6E2A1C32C7C9001669FF /* Assets.xcassets in Resources */ = {isa = PBXBuildFile; fileRef = 8ADE6E291C32C7C9001669FF /* Assets.xcassets */; };
		8ADE6E2D1C32C7C9001669FF /* LaunchScreen.storyboard in Resources */ = {isa = PBXBuildFile; fileRef = 8ADE6E2B1C32C7C9001669FF /* LaunchScreen.storyboard */; };
		8ADE6E351C32CB33001669FF /* CoreMotion.framework in Frameworks */ = {isa = PBXBuildFile; fileRef = 8ADE6E341C32CB33001669FF /* CoreMotion.framework */; };
		8ADE6E3B1C32CCEC001669FF /* Space.jpg in Resources */ = {isa = PBXBuildFile; fileRef = 8ADE6E381C32CCEC001669FF /* Space.jpg */; };
		8ADE6E3C1C32CCEC001669FF /* Spaceship1.png in Resources */ = {isa = PBXBuildFile; fileRef = 8ADE6E391C32CCEC001669FF /* Spaceship1.png */; };
		8ADE6E3D1C32CCEC001669FF /* Spaceship2.png in Resources */ = {isa = PBXBuildFile; fileRef = 8ADE6E3A1C32CCEC001669FF /* Spaceship2.png */; };
		8ADE6E471C32E734001669FF /* button_play.png in Resources */ = {isa = PBXBuildFile; fileRef = 8ADE6E461C32E734001669FF /* button_play.png */; };
		8ADE6E491C32E7D3001669FF /* button_play1.png in Resources */ = {isa = PBXBuildFile; fileRef = 8ADE6E481C32E7D3001669FF /* button_play1.png */; };
/* End PBXBuildFile section */

/* Begin PBXFileReference section */
		8ADE6E151C32C7C8001669FF /* Space Invaders.app */ = {isa = PBXFileReference; explicitFileType = wrapper.application; includeInIndex = 0; path = "Space Invaders.app"; sourceTree = BUILT_PRODUCTS_DIR; };
		8ADE6E191C32C7C8001669FF /* main.m */ = {isa = PBXFileReference; lastKnownFileType = sourcecode.c.objc; path = main.m; sourceTree = "<group>"; };
		8ADE6E1B1C32C7C8001669FF /* AppDelegate.h */ = {isa = PBXFileReference; lastKnownFileType = sourcecode.c.h; path = AppDelegate.h; sourceTree = "<group>"; };
		8ADE6E1C1C32C7C8001669FF /* AppDelegate.m */ = {isa = PBXFileReference; lastKnownFileType = sourcecode.c.objc; path = AppDelegate.m; sourceTree = "<group>"; };
		8ADE6E1E1C32C7C8001669FF /* GameScene.h */ = {isa = PBXFileReference; lastKnownFileType = sourcecode.c.h; path = GameScene.h; sourceTree = "<group>"; };
		8ADE6E1F1C32C7C8001669FF /* GameScene.m */ = {isa = PBXFileReference; lastKnownFileType = sourcecode.c.objc; path = GameScene.m; sourceTree = "<group>"; };
		8ADE6E211C32C7C8001669FF /* GameScene.sks */ = {isa = PBXFileReference; lastKnownFileType = file.sks; path = GameScene.sks; sourceTree = "<group>"; };
		8ADE6E231C32C7C8001669FF /* GameViewController.h */ = {isa = PBXFileReference; lastKnownFileType = sourcecode.c.h; path = GameViewController.h; sourceTree = "<group>"; };
		8ADE6E241C32C7C9001669FF /* GameViewController.m */ = {isa = PBXFileReference; lastKnownFileType = sourcecode.c.objc; path = GameViewController.m; sourceTree = "<group>"; };
		8ADE6E271C32C7C9001669FF /* Base */ = {isa = PBXFileReference; lastKnownFileType = file.storyboard; name = Base; path = Base.lproj/Main.storyboard; sourceTree = "<group>"; };
		8ADE6E291C32C7C9001669FF /* Assets.xcassets */ = {isa = PBXFileReference; lastKnownFileType = folder.assetcatalog; path = Assets.xcassets; sourceTree = "<group>"; };
		8ADE6E2C1C32C7C9001669FF /* Base */ = {isa = PBXFileReference; lastKnownFileType = file.storyboard; name = Base; path = Base.lproj/LaunchScreen.storyboard; sourceTree = "<group>"; };
		8ADE6E2E1C32C7C9001669FF /* Info.plist */ = {isa = PBXFileReference; lastKnownFileType = text.plist.xml; path = Info.plist; sourceTree = "<group>"; };
		8ADE6E341C32CB33001669FF /* CoreMotion.framework */ = {isa = PBXFileReference; lastKnownFileType = wrapper.framework; name = CoreMotion.framework; path = System/Library/Frameworks/CoreMotion.framework; sourceTree = SDKROOT; };
		8ADE6E381C32CCEC001669FF /* Space.jpg */ = {isa = PBXFileReference; lastKnownFileType = image.jpeg; path = Space.jpg; sourceTree = "<group>"; };
		8ADE6E391C32CCEC001669FF /* Spaceship1.png */ = {isa = PBXFileReference; lastKnownFileType = image.png; path = Spaceship1.png; sourceTree = "<group>"; };
		8ADE6E3A1C32CCEC001669FF /* Spaceship2.png */ = {isa = PBXFileReference; lastKnownFileType = image.png; path = Spaceship2.png; sourceTree = "<group>"; };
		8ADE6E461C32E734001669FF /* button_play.png */ = {isa = PBXFileReference; lastKnownFileType = image.png; path = button_play.png; sourceTree = "<group>"; };
		8ADE6E481C32E7D3001669FF /* button_play1.png */ = {isa = PBXFileReference; lastKnownFileType = image.png; path = button_play1.png; sourceTree = "<group>"; };
/* End PBXFileReference section */

/* Begin PBXFrameworksBuildPhase section */
		8ADE6E121C32C7C8001669FF /* Frameworks */ = {
			isa = PBXFrameworksBuildPhase;
			buildActionMask = 2147483647;
			files = (
				8ADE6E351C32CB33001669FF /* CoreMotion.framework in Frameworks */,
			);
			runOnlyForDeploymentPostprocessing = 0;
		};
/* End PBXFrameworksBuildPhase section */

/* Begin PBXGroup section */
		8ADE6E0C1C32C7C8001669FF = {
			isa = PBXGroup;
			children = (
				8ADE6E341C32CB33001669FF /* CoreMotion.framework */,
				8ADE6E171C32C7C8001669FF /* Space Invaders */,
				8ADE6E161C32C7C8001669FF /* Products */,
			);
			sourceTree = "<group>";
		};
		8ADE6E161C32C7C8001669FF /* Products */ = {
			isa = PBXGroup;
			children = (
				8ADE6E151C32C7C8001669FF /* Space Invaders.app */,
			);
			name = Products;
			sourceTree = "<group>";
		};
		8ADE6E171C32C7C8001669FF /* Space Invaders */ = {
			isa = PBXGroup;
			children = (
				8ADE6E361C32CCEC001669FF /* Resources */,
				8ADE6E1B1C32C7C8001669FF /* AppDelegate.h */,
				8ADE6E1C1C32C7C8001669FF /* AppDelegate.m */,
				8ADE6E1E1C32C7C8001669FF /* GameScene.h */,
				8ADE6E1F1C32C7C8001669FF /* GameScene.m */,
				8ADE6E211C32C7C8001669FF /* GameScene.sks */,
				8ADE6E231C32C7C8001669FF /* GameViewController.h */,
				8ADE6E241C32C7C9001669FF /* GameViewController.m */,
				8ADE6E261C32C7C9001669FF /* Main.storyboard */,
				8ADE6E291C32C7C9001669FF /* Assets.xcassets */,
				8ADE6E2B1C32C7C9001669FF /* LaunchScreen.storyboard */,
				8ADE6E2E1C32C7C9001669FF /* Info.plist */,
				8ADE6E181C32C7C8001669FF /* Supporting Files */,
			);
			path = "Space Invaders";
			sourceTree = "<group>";
		};
		8ADE6E181C32C7C8001669FF /* Supporting Files */ = {
			isa = PBXGroup;
			children = (
				8ADE6E191C32C7C8001669FF /* main.m */,
			);
			name = "Supporting Files";
			sourceTree = "<group>";
		};
		8ADE6E361C32CCEC001669FF /* Resources */ = {
			isa = PBXGroup;
			children = (
				8ADE6E371C32CCEC001669FF /* Images */,
			);
			path = Resources;
			sourceTree = "<group>";
		};
		8ADE6E371C32CCEC001669FF /* Images */ = {
			isa = PBXGroup;
			children = (
				8ADE6E461C32E734001669FF /* button_play.png */,
				8ADE6E481C32E7D3001669FF /* button_play1.png */,
				8ADE6E381C32CCEC001669FF /* Space.jpg */,
				8ADE6E391C32CCEC001669FF /* Spaceship1.png */,
				8ADE6E3A1C32CCEC001669FF /* Spaceship2.png */,
			);
			path = Images;
			sourceTree = "<group>";
		};
/* End PBXGroup section */

/* Begin PBXNativeTarget section */
		8ADE6E141C32C7C8001669FF /* Space Invaders */ = {
			isa = PBXNativeTarget;
			buildConfigurationList = 8ADE6E311C32C7C9001669FF /* Build configuration list for PBXNativeTarget "Space Invaders" */;
			buildPhases = (
				8ADE6E111C32C7C8001669FF /* Sources */,
				8ADE6E121C32C7C8001669FF /* Frameworks */,
				8ADE6E131C32C7C8001669FF /* Resources */,
			);
			buildRules = (
			);
			dependencies = (
			);
			name = "Space Invaders";
			productName = "Space Invaders";
			productReference = 8ADE6E151C32C7C8001669FF /* Space Invaders.app */;
			productType = "com.apple.product-type.application";
		};
/* End PBXNativeTarget section */

/* Begin PBXProject section */
		8ADE6E0D1C32C7C8001669FF /* Project object */ = {
			isa = PBXProject;
			attributes = {
				LastUpgradeCheck = 0710;
				ORGANIZATIONNAME = IDAP;
				TargetAttributes = {
					8ADE6E141C32C7C8001669FF = {
						CreatedOnToolsVersion = 7.1.1;
					};
				};
			};
			buildConfigurationList = 8ADE6E101C32C7C8001669FF /* Build configuration list for PBXProject "Space Invaders" */;
			compatibilityVersion = "Xcode 3.2";
			developmentRegion = English;
			hasScannedForEncodings = 0;
			knownRegions = (
				en,
				Base,
			);
			mainGroup = 8ADE6E0C1C32C7C8001669FF;
			productRefGroup = 8ADE6E161C32C7C8001669FF /* Products */;
			projectDirPath = "";
			projectRoot = "";
			targets = (
				8ADE6E141C32C7C8001669FF /* Space Invaders */,
			);
		};
/* End PBXProject section */

/* Begin PBXResourcesBuildPhase section */
		8ADE6E131C32C7C8001669FF /* Resources */ = {
			isa = PBXResourcesBuildPhase;
			buildActionMask = 2147483647;
			files = (
				8ADE6E221C32C7C8001669FF /* GameScene.sks in Resources */,
				8ADE6E2D1C32C7C9001669FF /* LaunchScreen.storyboard in Resources */,
				8ADE6E491C32E7D3001669FF /* button_play1.png in Resources */,
				8ADE6E3D1C32CCEC001669FF /* Spaceship2.png in Resources */,
				8ADE6E471C32E734001669FF /* button_play.png in Resources */,
				8ADE6E3C1C32CCEC001669FF /* Spaceship1.png in Resources */,
				8ADE6E2A1C32C7C9001669FF /* Assets.xcassets in Resources */,
				8ADE6E281C32C7C9001669FF /* Main.storyboard in Resources */,
				8ADE6E3B1C32CCEC001669FF /* Space.jpg in Resources */,
			);
			runOnlyForDeploymentPostprocessing = 0;
		};
/* End PBXResourcesBuildPhase section */

/* Begin PBXSourcesBuildPhase section */
		8ADE6E111C32C7C8001669FF /* Sources */ = {
			isa = PBXSourcesBuildPhase;
			buildActionMask = 2147483647;
			files = (
				8ADE6E251C32C7C9001669FF /* GameViewController.m in Sources */,
				8ADE6E1D1C32C7C8001669FF /* AppDelegate.m in Sources */,
				8ADE6E201C32C7C8001669FF /* GameScene.m in Sources */,
				8ADE6E1A1C32C7C8001669FF /* main.m in Sources */,
			);
			runOnlyForDeploymentPostprocessing = 0;
		};
/* End PBXSourcesBuildPhase section */

/* Begin PBXVariantGroup section */
		8ADE6E261C32C7C9001669FF /* Main.storyboard */ = {
			isa = PBXVariantGroup;
			children = (
				8ADE6E271C32C7C9001669FF /* Base */,
			);
			name = Main.storyboard;
			sourceTree = "<group>";
		};
		8ADE6E2B1C32C7C9001669FF /* LaunchScreen.storyboard */ = {
			isa = PBXVariantGroup;
			children = (
				8ADE6E2C1C32C7C9001669FF /* Base */,
			);
			name = LaunchScreen.storyboard;
			sourceTree = "<group>";
		};
/* End PBXVariantGroup section */

/* Begin XCBuildConfiguration section */
		8ADE6E2F1C32C7C9001669FF /* Debug */ = {
			isa = XCBuildConfiguration;
			buildSettings = {
				ALWAYS_SEARCH_USER_PATHS = NO;
				CLANG_CXX_LANGUAGE_STANDARD = "gnu++0x";
				CLANG_CXX_LIBRARY = "libc++";
				CLANG_ENABLE_MODULES = YES;
				CLANG_ENABLE_OBJC_ARC = YES;
				CLANG_WARN_BOOL_CONVERSION = YES;
				CLANG_WARN_CONSTANT_CONVERSION = YES;
				CLANG_WARN_DIRECT_OBJC_ISA_USAGE = YES_ERROR;
				CLANG_WARN_EMPTY_BODY = YES;
				CLANG_WARN_ENUM_CONVERSION = YES;
				CLANG_WARN_INT_CONVERSION = YES;
				CLANG_WARN_OBJC_ROOT_CLASS = YES_ERROR;
				CLANG_WARN_UNREACHABLE_CODE = YES;
				CLANG_WARN__DUPLICATE_METHOD_MATCH = YES;
				"CODE_SIGN_IDENTITY[sdk=iphoneos*]" = "iPhone Developer";
				COPY_PHASE_STRIP = NO;
				DEBUG_INFORMATION_FORMAT = "dwarf-with-dsym";
				ENABLE_STRICT_OBJC_MSGSEND = YES;
				ENABLE_TESTABILITY = YES;
				GCC_C_LANGUAGE_STANDARD = gnu99;
				GCC_DYNAMIC_NO_PIC = NO;
				GCC_NO_COMMON_BLOCKS = YES;
				GCC_OPTIMIZATION_LEVEL = 0;
				GCC_PREPROCESSOR_DEFINITIONS = (
					"DEBUG=1",
					"$(inherited)",
				);
				GCC_WARN_64_TO_32_BIT_CONVERSION = YES;
				GCC_WARN_ABOUT_RETURN_TYPE = YES_ERROR;
				GCC_WARN_UNDECLARED_SELECTOR = YES;
				GCC_WARN_UNINITIALIZED_AUTOS = YES_AGGRESSIVE;
				GCC_WARN_UNUSED_FUNCTION = YES;
				GCC_WARN_UNUSED_VARIABLE = YES;
				IPHONEOS_DEPLOYMENT_TARGET = 8.0;
				MTL_ENABLE_DEBUG_INFO = YES;
				ONLY_ACTIVE_ARCH = YES;
				SDKROOT = iphoneos;
			};
			name = Debug;
		};
		8ADE6E301C32C7C9001669FF /* Release */ = {
			isa = XCBuildConfiguration;
			buildSettings = {
				ALWAYS_SEARCH_USER_PATHS = NO;
				CLANG_CXX_LANGUAGE_STANDARD = "gnu++0x";
				CLANG_CXX_LIBRARY = "libc++";
				CLANG_ENABLE_MODULES = YES;
				CLANG_ENABLE_OBJC_ARC = YES;
				CLANG_WARN_BOOL_CONVERSION = YES;
				CLANG_WARN_CONSTANT_CONVERSION = YES;
				CLANG_WARN_DIRECT_OBJC_ISA_USAGE = YES_ERROR;
				CLANG_WARN_EMPTY_BODY = YES;
				CLANG_WARN_ENUM_CONVERSION = YES;
				CLANG_WARN_INT_CONVERSION = YES;
				CLANG_WARN_OBJC_ROOT_CLASS = YES_ERROR;
				CLANG_WARN_UNREACHABLE_CODE = YES;
				CLANG_WARN__DUPLICATE_METHOD_MATCH = YES;
				"CODE_SIGN_IDENTITY[sdk=iphoneos*]" = "iPhone Developer";
				COPY_PHASE_STRIP = NO;
				DEBUG_INFORMATION_FORMAT = "dwarf-with-dsym";
				ENABLE_NS_ASSERTIONS = NO;
				ENABLE_STRICT_OBJC_MSGSEND = YES;
				GCC_C_LANGUAGE_STANDARD = gnu99;
				GCC_NO_COMMON_BLOCKS = YES;
				GCC_WARN_64_TO_32_BIT_CONVERSION = YES;
				GCC_WARN_ABOUT_RETURN_TYPE = YES_ERROR;
				GCC_WARN_UNDECLARED_SELECTOR = YES;
				GCC_WARN_UNINITIALIZED_AUTOS = YES_AGGRESSIVE;
				GCC_WARN_UNUSED_FUNCTION = YES;
				GCC_WARN_UNUSED_VARIABLE = YES;
				IPHONEOS_DEPLOYMENT_TARGET = 8.0;
				MTL_ENABLE_DEBUG_INFO = NO;
				SDKROOT = iphoneos;
				VALIDATE_PRODUCT = YES;
			};
			name = Release;
		};
		8ADE6E321C32C7C9001669FF /* Debug */ = {
			isa = XCBuildConfiguration;
			buildSettings = {
				ASSETCATALOG_COMPILER_APPICON_NAME = AppIcon;
				INFOPLIST_FILE = "Space Invaders/Info.plist";
				IPHONEOS_DEPLOYMENT_TARGET = 8.0;
				LD_RUNPATH_SEARCH_PATHS = "$(inherited) @executable_path/Frameworks";
				PRODUCT_BUNDLE_IDENTIFIER = "com.idapgroup.Space-Invaders";
				PRODUCT_NAME = "$(TARGET_NAME)";
			};
			name = Debug;
		};
		8ADE6E331C32C7C9001669FF /* Release */ = {
			isa = XCBuildConfiguration;
			buildSettings = {
				ASSETCATALOG_COMPILER_APPICON_NAME = AppIcon;
				INFOPLIST_FILE = "Space Invaders/Info.plist";
				IPHONEOS_DEPLOYMENT_TARGET = 8.0;
				LD_RUNPATH_SEARCH_PATHS = "$(inherited) @executable_path/Frameworks";
				PRODUCT_BUNDLE_IDENTIFIER = "com.idapgroup.Space-Invaders";
				PRODUCT_NAME = "$(TARGET_NAME)";
			};
			name = Release;
		};
/* End XCBuildConfiguration section */

/* Begin XCConfigurationList section */
		8ADE6E101C32C7C8001669FF /* Build configuration list for PBXProject "Space Invaders" */ = {
			isa = XCConfigurationList;
			buildConfigurations = (
				8ADE6E2F1C32C7C9001669FF /* Debug */,
				8ADE6E301C32C7C9001669FF /* Release */,
			);
			defaultConfigurationIsVisible = 0;
			defaultConfigurationName = Release;
		};
		8ADE6E311C32C7C9001669FF /* Build configuration list for PBXNativeTarget "Space Invaders" */ = {
			isa = XCConfigurationList;
			buildConfigurations = (
				8ADE6E321C32C7C9001669FF /* Debug */,
				8ADE6E331C32C7C9001669FF /* Release */,
			);
			defaultConfigurationIsVisible = 0;
			defaultConfigurationName = Release;
		};
/* End XCConfigurationList section */
	};
	rootObject = 8ADE6E0D1C32C7C8001669FF /* Project object */;
}
